
Microsoft Visual Studio Solution File, Format Version 12.00
# Visual Studio 15
VisualStudioVersion = 15.0.28307.539
MinimumVisualStudioVersion = 10.0.40219.1
Project("{FAE04EC0-301F-11D3-BF4B-00C04F79EFBC}") = "JWTIdentityCore.Api", "JWTIdentityCore.Api\JWTIdentityCore.Api.csproj", "{455D8BA4-2A1B-424E-BEE7-022032B31F58}"
EndProject
Global
	GlobalSection(SolutionConfigurationPlatforms) = preSolution
		Debug|Any CPU = Debug|Any CPU
		Release|Any CPU = Release|Any CPU
	EndGlobalSection
	GlobalSection(ProjectConfigurationPlatforms) = postSolution
		{455D8BA4-2A1B-424E-BEE7-022032B31F58}.Debug|Any CPU.ActiveCfg = Debug|Any CPU
		{455D8BA4-2A1B-424E-BEE7-022032B31F58}.Debug|Any CPU.Build.0 = Debug|Any CPU
		{455D8BA4-2A1B-424E-BEE7-022032B31F58}.Release|Any CPU.ActiveCfg = Release|Any CPU
		{455D8BA4-2A1B-424E-BEE7-022032B31F58}.Release|Any CPU.Build.0 = Release|Any CPU
	EndGlobalSection
	GlobalSection(SolutionProperties) = preSolution
		HideSolutionNode = FALSE
	EndGlobalSection
	GlobalSection(ExtensibilityGlobals) = postSolution
		SolutionGuid = {E082E96A-CC23-4FFB-8918-9EE4B0028BEB}
	EndGlobalSection
EndGlobal
